
Microsoft Visual Studio Solution File, Format Version 12.00
# Visual Studio Version 17
VisualStudioVersion = 17.10.34928.147
MinimumVisualStudioVersion = 10.0.40219.1
Project("{FAE04EC0-301F-11D3-BF4B-00C04F79EFBC}") = "Assignment2", "Assignment2\Assignment2.csproj", "{9EB0B34B-A4E8-4AFB-B67B-E5EA4947E472}"
EndProject
Project("{FAE04EC0-301F-11D3-BF4B-00C04F79EFBC}") = "IntroEF", "IntroEF\IntroEF.csproj", "{F2524C0A-0A4B-4575-BA78-3FC0367C706C}"
EndProject
Global
	GlobalSection(SolutionConfigurationPlatforms) = preSolution
		Debug|Any CPU = Debug|Any CPU
		Release|Any CPU = Release|Any CPU
	EndGlobalSection
	GlobalSection(ProjectConfigurationPlatforms) = postSolution
		{9EB0B34B-A4E8-4AFB-B67B-E5EA4947E472}.Debug|Any CPU.ActiveCfg = Debug|Any CPU
		{9EB0B34B-A4E8-4AFB-B67B-E5EA4947E472}.Debug|Any CPU.Build.0 = Debug|Any CPU
		{9EB0B34B-A4E8-4AFB-B67B-E5EA4947E472}.Release|Any CPU.ActiveCfg = Release|Any CPU
		{9EB0B34B-A4E8-4AFB-B67B-E5EA4947E472}.Release|Any CPU.Build.0 = Release|Any CPU
		{F2524C0A-0A4B-4575-BA78-3FC0367C706C}.Debug|Any CPU.ActiveCfg = Debug|Any CPU
		{F2524C0A-0A4B-4575-BA78-3FC0367C706C}.Debug|Any CPU.Build.0 = Debug|Any CPU
		{F2524C0A-0A4B-4575-BA78-3FC0367C706C}.Release|Any CPU.ActiveCfg = Release|Any CPU
		{F2524C0A-0A4B-4575-BA78-3FC0367C706C}.Release|Any CPU.Build.0 = Release|Any CPU
	EndGlobalSection
	GlobalSection(SolutionProperties) = preSolution
		HideSolutionNode = FALSE
	EndGlobalSection
	GlobalSection(ExtensibilityGlobals) = postSolution
		SolutionGuid = {9A63D959-ECE1-4749-A900-AA88EDFC6862}
	EndGlobalSection
EndGlobal
